
Microsoft Visual Studio Solution File, Format Version 12.00
# Visual Studio 2013
VisualStudioVersion = 12.0.31101.0
MinimumVisualStudioVersion = 10.0.40219.1
Project("{8BC9CEB8-8B4A-11D0-8D11-00A0C91BC942}") = "DemoHelloWorld", "DemoHelloWorld.vcxproj", "{3BF39BF5-24A3-4A83-8213-1DDAF90AE4C6}"
	ProjectSection(ProjectDependencies) = postProject
		{7EA8EE28-521D-4200-B631-FFC321321925} = {7EA8EE28-521D-4200-B631-FFC321321925}
	EndProjectSection
EndProject
Project("{8BC9CEB8-8B4A-11D0-8D11-00A0C91BC942}") = "lib-asyn-script", "..\..\lib-asyn-script\proj.win32\lib-asyn-script.vcxproj", "{7EA8EE28-521D-4200-B631-FFC321321925}"
EndProject
Global
	GlobalSection(SolutionConfigurationPlatforms) = preSolution
		Debug|Win32 = Debug|Win32
		Release|Win32 = Release|Win32
	EndGlobalSection
	GlobalSection(ProjectConfigurationPlatforms) = postSolution
		{3BF39BF5-24A3-4A83-8213-1DDAF90AE4C6}.Debug|Win32.ActiveCfg = Debug|Win32
		{3BF39BF5-24A3-4A83-8213-1DDAF90AE4C6}.Debug|Win32.Build.0 = Debug|Win32
		{3BF39BF5-24A3-4A83-8213-1DDAF90AE4C6}.Release|Win32.ActiveCfg = Release|Win32
		{3BF39BF5-24A3-4A83-8213-1DDAF90AE4C6}.Release|Win32.Build.0 = Release|Win32
		{7EA8EE28-521D-4200-B631-FFC321321925}.Debug|Win32.ActiveCfg = Debug|Win32
		{7EA8EE28-521D-4200-B631-FFC321321925}.Debug|Win32.Build.0 = Debug|Win32
		{7EA8EE28-521D-4200-B631-FFC321321925}.Release|Win32.ActiveCfg = Release|Win32
		{7EA8EE28-521D-4200-B631-FFC321321925}.Release|Win32.Build.0 = Release|Win32
	EndGlobalSection
	GlobalSection(SolutionProperties) = preSolution
		HideSolutionNode = FALSE
	EndGlobalSection
EndGlobal
