
Microsoft Visual Studio Solution File, Format Version 12.00
# Visual Studio 2013
VisualStudioVersion = 12.0.31101.0
MinimumVisualStudioVersion = 10.0.40219.1
Project("{8BC9CEB8-8B4A-11D0-8D11-00A0C91BC942}") = "DemoLogin", "DemoLogin.vcxproj", "{3F519292-5E40-42B2-9EDA-95E06F2E6C30}"
EndProject
Project("{8BC9CEB8-8B4A-11D0-8D11-00A0C91BC942}") = "lib-asyn-script", "..\..\lib-asyn-script\lib-asyn-script.vcxproj", "{7EA8EE28-521D-4200-B631-FFC321321925}"
EndProject
Global
	GlobalSection(SolutionConfigurationPlatforms) = preSolution
		Debug|Win32 = Debug|Win32
		Release|Win32 = Release|Win32
	EndGlobalSection
	GlobalSection(ProjectConfigurationPlatforms) = postSolution
		{3F519292-5E40-42B2-9EDA-95E06F2E6C30}.Debug|Win32.ActiveCfg = Debug|Win32
		{3F519292-5E40-42B2-9EDA-95E06F2E6C30}.Debug|Win32.Build.0 = Debug|Win32
		{3F519292-5E40-42B2-9EDA-95E06F2E6C30}.Release|Win32.ActiveCfg = Release|Win32
		{3F519292-5E40-42B2-9EDA-95E06F2E6C30}.Release|Win32.Build.0 = Release|Win32
		{7EA8EE28-521D-4200-B631-FFC321321925}.Debug|Win32.ActiveCfg = Debug|Win32
		{7EA8EE28-521D-4200-B631-FFC321321925}.Debug|Win32.Build.0 = Debug|Win32
		{7EA8EE28-521D-4200-B631-FFC321321925}.Release|Win32.ActiveCfg = Release|Win32
		{7EA8EE28-521D-4200-B631-FFC321321925}.Release|Win32.Build.0 = Release|Win32
	EndGlobalSection
	GlobalSection(SolutionProperties) = preSolution
		HideSolutionNode = FALSE
	EndGlobalSection
EndGlobal
