<?xml version="1.0" encoding="utf-8"?>
<Project ToolsVersion="4.0" xmlns="http://schemas.microsoft.com/developer/msbuild/2003">
  <ItemGroup>
    <ClCompile Include="..\source\Function.cpp" />
    <ClCompile Include="..\source\Stack.cpp" />
    <ClCompile Include="..\source\Debug.cpp" />
    <ClCompile Include="..\source\Machine.cpp" />
    <ClCompile Include="..\source\Instructions.cpp" />
  </ItemGroup>
  <ItemGroup>
    <ClInclude Include="..\source\Define.h" />
    <ClInclude Include="..\source\Function.h" />
    <ClInclude Include="..\source\AsynScript.h" />
    <ClInclude Include="..\source\Stack.h" />
    <ClInclude Include="..\source\AsysValue.h" />
    <ClInclude Include="..\source\AsysVariable.h" />
    <ClInclude Include="..\source\Debug.h" />
    <ClInclude Include="..\source\AsysValueT.h" />
    <ClInclude Include="..\source\AsysVariableT.h" />
    <ClInclude Include="..\source\Machine.h" />
    <ClInclude Include="..\source\Instructions.h" />
  </ItemGroup>
</Project>